{
    "version": 3,
    "terraform_version": "0.11.13",
    "serial": 6,
    "lineage": "46f5dd76-d952-96ce-e041-0b8bb1b6bdbe",
    "modules": [
        {
            "path": [
                "root"
            ],
            "outputs": {
                "bucket": {
                    "sensitive": false,
                    "type": "string",
                    "value": "tf-state-site"
                },
                "docker_registry": {
                    "sensitive": false,
                    "type": "string",
                    "value": "343426943007.dkr.ecr.us-east-1.amazonaws.com/site"
                }
            },
            "resources": {
                "aws_ecr_repository.app": {
                    "type": "aws_ecr_repository",
                    "depends_on": [],
                    "primary": {
                        "id": "site",
                        "attributes": {
                            "arn": "arn:aws:ecr:us-east-1:343426943007:repository/site",
                            "id": "site",
                            "name": "site",
                            "registry_id": "343426943007",
                            "repository_url": "343426943007.dkr.ecr.us-east-1.amazonaws.com/site",
                            "tags.%": "0"
                        },
                        "meta": {
                            "e2bfb730-ecaa-11e6-8f88-34363bc7c4c0": {
                                "delete": 1200000000000
                            }
                        },
                        "tainted": false
                    },
                    "deposed": [],
                    "provider": "provider.aws"
                },
                "aws_ecr_repository_policy.app": {
                    "type": "aws_ecr_repository_policy",
                    "depends_on": [
                        "aws_ecr_repository.app",
                        "data.aws_iam_policy_document.ecr"
                    ],
                    "primary": {
                        "id": "site",
                        "attributes": {
                            "id": "site",
                            "policy": "{\n  \"Version\" : \"2012-10-17\",\n  \"Statement\" : [ {\n    \"Sid\" : \"\",\n    \"Effect\" : \"Allow\",\n    \"Principal\" : {\n      \"AWS\" : \"arn:aws:sts::343426943007:assumed-role/ecs_containers/me@example.com\"\n    },\n    \"Action\" : [ \"ecr:UploadLayerPart\", \"ecr:StartLifecyclePolicyPreview\", \"ecr:SetRepositoryPolicy\", \"ecr:PutLifecyclePolicy\", \"ecr:PutImage\", \"ecr:ListImages\", \"ecr:InitiateLayerUpload\", \"ecr:GetRepositoryPolicy\", \"ecr:GetLifecyclePolicyPreview\", \"ecr:GetLifecyclePolicy\", \"ecr:GetDownloadUrlForLayer\", \"ecr:DescribeRepositories\", \"ecr:DescribeImages\", \"ecr:DeleteRepositoryPolicy\", \"ecr:DeleteRepository\", \"ecr:DeleteLifecyclePolicy\", \"ecr:CompleteLayerUpload\", \"ecr:BatchGetImage\", \"ecr:BatchDeleteImage\", \"ecr:BatchCheckLayerAvailability\" ]\n  } ]\n}",
                            "registry_id": "343426943007",
                            "repository": "site"
                        },
                        "meta": {},
                        "tainted": false
                    },
                    "deposed": [],
                    "provider": "provider.aws"
                },
                "aws_internet_gateway.default": {
                    "type": "aws_internet_gateway",
                    "depends_on": [
                        "aws_vpc.default"
                    ],
                    "primary": {
                        "id": "igw-0bc806a62424fd4dd",
                        "attributes": {
                            "id": "igw-0bc806a62424fd4dd",
                            "owner_id": "343426943007",
                            "tags.%": "0",
                            "vpc_id": "vpc-045c9e2b70bd4fd3a"
                        },
                        "meta": {},
                        "tainted": false
                    },
                    "deposed": [],
                    "provider": "provider.aws"
                },
                "aws_security_group.db": {
                    "type": "aws_security_group",
                    "depends_on": [
                        "aws_vpc.default"
                    ],
                    "primary": {
                        "id": "sg-01279a57ba0d82948",
                        "attributes": {
                            "arn": "arn:aws:ec2:us-east-1:343426943007:security-group/sg-01279a57ba0d82948",
                            "description": "Allow incoming database connections.",
                            "egress.#": "2",
                            "egress.2214680975.cidr_blocks.#": "1",
                            "egress.2214680975.cidr_blocks.0": "0.0.0.0/0",
                            "egress.2214680975.description": "",
                            "egress.2214680975.from_port": "80",
                            "egress.2214680975.ipv6_cidr_blocks.#": "0",
                            "egress.2214680975.prefix_list_ids.#": "0",
                            "egress.2214680975.protocol": "tcp",
                            "egress.2214680975.security_groups.#": "0",
                            "egress.2214680975.self": "false",
                            "egress.2214680975.to_port": "80",
                            "egress.2617001939.cidr_blocks.#": "1",
                            "egress.2617001939.cidr_blocks.0": "0.0.0.0/0",
                            "egress.2617001939.description": "",
                            "egress.2617001939.from_port": "443",
                            "egress.2617001939.ipv6_cidr_blocks.#": "0",
                            "egress.2617001939.prefix_list_ids.#": "0",
                            "egress.2617001939.protocol": "tcp",
                            "egress.2617001939.security_groups.#": "0",
                            "egress.2617001939.self": "false",
                            "egress.2617001939.to_port": "443",
                            "id": "sg-01279a57ba0d82948",
                            "ingress.#": "2",
                            "ingress.267302002.cidr_blocks.#": "1",
                            "ingress.267302002.cidr_blocks.0": "10.0.0.0/16",
                            "ingress.267302002.description": "",
                            "ingress.267302002.from_port": "-1",
                            "ingress.267302002.ipv6_cidr_blocks.#": "0",
                            "ingress.267302002.prefix_list_ids.#": "0",
                            "ingress.267302002.protocol": "icmp",
                            "ingress.267302002.security_groups.#": "0",
                            "ingress.267302002.self": "false",
                            "ingress.267302002.to_port": "-1",
                            "ingress.931551850.cidr_blocks.#": "1",
                            "ingress.931551850.cidr_blocks.0": "10.0.0.0/16",
                            "ingress.931551850.description": "",
                            "ingress.931551850.from_port": "22",
                            "ingress.931551850.ipv6_cidr_blocks.#": "0",
                            "ingress.931551850.prefix_list_ids.#": "0",
                            "ingress.931551850.protocol": "tcp",
                            "ingress.931551850.security_groups.#": "0",
                            "ingress.931551850.self": "false",
                            "ingress.931551850.to_port": "22",
                            "name": "vpc_db",
                            "owner_id": "343426943007",
                            "revoke_rules_on_delete": "false",
                            "tags.%": "1",
                            "tags.Name": "DBServerSG",
                            "vpc_id": "vpc-045c9e2b70bd4fd3a"
                        },
                        "meta": {
                            "e2bfb730-ecaa-11e6-8f88-34363bc7c4c0": {
                                "create": 600000000000,
                                "delete": 600000000000
                            },
                            "schema_version": "1"
                        },
                        "tainted": false
                    },
                    "deposed": [],
                    "provider": "provider.aws"
                },
                "aws_security_group.nat": {
                    "type": "aws_security_group",
                    "depends_on": [
                        "aws_vpc.default"
                    ],
                    "primary": {
                        "id": "sg-0edccb187e82d79e0",
                        "attributes": {
                            "arn": "arn:aws:ec2:us-east-1:343426943007:security-group/sg-0edccb187e82d79e0",
                            "description": "Allow traffic to pass from the private subnet to the internet",
                            "egress.#": "4",
                            "egress.1799340084.cidr_blocks.#": "1",
                            "egress.1799340084.cidr_blocks.0": "0.0.0.0/0",
                            "egress.1799340084.description": "",
                            "egress.1799340084.from_port": "-1",
                            "egress.1799340084.ipv6_cidr_blocks.#": "0",
                            "egress.1799340084.prefix_list_ids.#": "0",
                            "egress.1799340084.protocol": "icmp",
                            "egress.1799340084.security_groups.#": "0",
                            "egress.1799340084.self": "false",
                            "egress.1799340084.to_port": "-1",
                            "egress.2214680975.cidr_blocks.#": "1",
                            "egress.2214680975.cidr_blocks.0": "0.0.0.0/0",
                            "egress.2214680975.description": "",
                            "egress.2214680975.from_port": "80",
                            "egress.2214680975.ipv6_cidr_blocks.#": "0",
                            "egress.2214680975.prefix_list_ids.#": "0",
                            "egress.2214680975.protocol": "tcp",
                            "egress.2214680975.security_groups.#": "0",
                            "egress.2214680975.self": "false",
                            "egress.2214680975.to_port": "80",
                            "egress.2617001939.cidr_blocks.#": "1",
                            "egress.2617001939.cidr_blocks.0": "0.0.0.0/0",
                            "egress.2617001939.description": "",
                            "egress.2617001939.from_port": "443",
                            "egress.2617001939.ipv6_cidr_blocks.#": "0",
                            "egress.2617001939.prefix_list_ids.#": "0",
                            "egress.2617001939.protocol": "tcp",
                            "egress.2617001939.security_groups.#": "0",
                            "egress.2617001939.self": "false",
                            "egress.2617001939.to_port": "443",
                            "egress.931551850.cidr_blocks.#": "1",
                            "egress.931551850.cidr_blocks.0": "10.0.0.0/16",
                            "egress.931551850.description": "",
                            "egress.931551850.from_port": "22",
                            "egress.931551850.ipv6_cidr_blocks.#": "0",
                            "egress.931551850.prefix_list_ids.#": "0",
                            "egress.931551850.protocol": "tcp",
                            "egress.931551850.security_groups.#": "0",
                            "egress.931551850.self": "false",
                            "egress.931551850.to_port": "22",
                            "id": "sg-0edccb187e82d79e0",
                            "ingress.#": "4",
                            "ingress.1799340084.cidr_blocks.#": "1",
                            "ingress.1799340084.cidr_blocks.0": "0.0.0.0/0",
                            "ingress.1799340084.description": "",
                            "ingress.1799340084.from_port": "-1",
                            "ingress.1799340084.ipv6_cidr_blocks.#": "0",
                            "ingress.1799340084.prefix_list_ids.#": "0",
                            "ingress.1799340084.protocol": "icmp",
                            "ingress.1799340084.security_groups.#": "0",
                            "ingress.1799340084.self": "false",
                            "ingress.1799340084.to_port": "-1",
                            "ingress.1821765983.cidr_blocks.#": "1",
                            "ingress.1821765983.cidr_blocks.0": "10.0.3.0/24",
                            "ingress.1821765983.description": "",
                            "ingress.1821765983.from_port": "443",
                            "ingress.1821765983.ipv6_cidr_blocks.#": "0",
                            "ingress.1821765983.prefix_list_ids.#": "0",
                            "ingress.1821765983.protocol": "tcp",
                            "ingress.1821765983.security_groups.#": "0",
                            "ingress.1821765983.self": "false",
                            "ingress.1821765983.to_port": "443",
                            "ingress.2157232537.cidr_blocks.#": "1",
                            "ingress.2157232537.cidr_blocks.0": "10.0.3.0/24",
                            "ingress.2157232537.description": "",
                            "ingress.2157232537.from_port": "80",
                            "ingress.2157232537.ipv6_cidr_blocks.#": "0",
                            "ingress.2157232537.prefix_list_ids.#": "0",
                            "ingress.2157232537.protocol": "tcp",
                            "ingress.2157232537.security_groups.#": "0",
                            "ingress.2157232537.self": "false",
                            "ingress.2157232537.to_port": "80",
                            "ingress.2541437006.cidr_blocks.#": "1",
                            "ingress.2541437006.cidr_blocks.0": "0.0.0.0/0",
                            "ingress.2541437006.description": "",
                            "ingress.2541437006.from_port": "22",
                            "ingress.2541437006.ipv6_cidr_blocks.#": "0",
                            "ingress.2541437006.prefix_list_ids.#": "0",
                            "ingress.2541437006.protocol": "tcp",
                            "ingress.2541437006.security_groups.#": "0",
                            "ingress.2541437006.self": "false",
                            "ingress.2541437006.to_port": "22",
                            "name": "vpc_nat",
                            "owner_id": "343426943007",
                            "revoke_rules_on_delete": "false",
                            "tags.%": "1",
                            "tags.Name": "NATSG",
                            "vpc_id": "vpc-045c9e2b70bd4fd3a"
                        },
                        "meta": {
                            "e2bfb730-ecaa-11e6-8f88-34363bc7c4c0": {
                                "create": 600000000000,
                                "delete": 600000000000
                            },
                            "schema_version": "1"
                        },
                        "tainted": false
                    },
                    "deposed": [],
                    "provider": "provider.aws"
                },
                "aws_security_group.web": {
                    "type": "aws_security_group",
                    "depends_on": [
                        "aws_vpc.default"
                    ],
                    "primary": {
                        "id": "sg-069166f7b1779fe93",
                        "attributes": {
                            "arn": "arn:aws:ec2:us-east-1:343426943007:security-group/sg-069166f7b1779fe93",
                            "description": "Allow incoming HTTP connections.",
                            "egress.#": "0",
                            "id": "sg-069166f7b1779fe93",
                            "ingress.#": "3",
                            "ingress.1799340084.cidr_blocks.#": "1",
                            "ingress.1799340084.cidr_blocks.0": "0.0.0.0/0",
                            "ingress.1799340084.description": "",
                            "ingress.1799340084.from_port": "-1",
                            "ingress.1799340084.ipv6_cidr_blocks.#": "0",
                            "ingress.1799340084.prefix_list_ids.#": "0",
                            "ingress.1799340084.protocol": "icmp",
                            "ingress.1799340084.security_groups.#": "0",
                            "ingress.1799340084.self": "false",
                            "ingress.1799340084.to_port": "-1",
                            "ingress.2214680975.cidr_blocks.#": "1",
                            "ingress.2214680975.cidr_blocks.0": "0.0.0.0/0",
                            "ingress.2214680975.description": "",
                            "ingress.2214680975.from_port": "80",
                            "ingress.2214680975.ipv6_cidr_blocks.#": "0",
                            "ingress.2214680975.prefix_list_ids.#": "0",
                            "ingress.2214680975.protocol": "tcp",
                            "ingress.2214680975.security_groups.#": "0",
                            "ingress.2214680975.self": "false",
                            "ingress.2214680975.to_port": "80",
                            "ingress.2617001939.cidr_blocks.#": "1",
                            "ingress.2617001939.cidr_blocks.0": "0.0.0.0/0",
                            "ingress.2617001939.description": "",
                            "ingress.2617001939.from_port": "443",
                            "ingress.2617001939.ipv6_cidr_blocks.#": "0",
                            "ingress.2617001939.prefix_list_ids.#": "0",
                            "ingress.2617001939.protocol": "tcp",
                            "ingress.2617001939.security_groups.#": "0",
                            "ingress.2617001939.self": "false",
                            "ingress.2617001939.to_port": "443",
                            "name": "vpc_web",
                            "owner_id": "343426943007",
                            "revoke_rules_on_delete": "false",
                            "tags.%": "1",
                            "tags.Name": "WebServerSG",
                            "vpc_id": "vpc-045c9e2b70bd4fd3a"
                        },
                        "meta": {
                            "e2bfb730-ecaa-11e6-8f88-34363bc7c4c0": {
                                "create": 600000000000,
                                "delete": 600000000000
                            },
                            "schema_version": "1"
                        },
                        "tainted": false
                    },
                    "deposed": [],
                    "provider": "provider.aws"
                },
                "aws_subnet.us-east-1a-private": {
                    "type": "aws_subnet",
                    "depends_on": [
                        "aws_vpc.default"
                    ],
                    "primary": {
                        "id": "subnet-085ea3ef26f6a5e42",
                        "attributes": {
                            "arn": "arn:aws:ec2:us-east-1:343426943007:subnet/subnet-085ea3ef26f6a5e42",
                            "assign_ipv6_address_on_creation": "false",
                            "availability_zone": "us-east-1a",
                            "availability_zone_id": "use1-az2",
                            "cidr_block": "10.0.3.0/24",
                            "id": "subnet-085ea3ef26f6a5e42",
                            "ipv6_cidr_block": "",
                            "ipv6_cidr_block_association_id": "",
                            "map_public_ip_on_launch": "false",
                            "owner_id": "343426943007",
                            "tags.%": "1",
                            "tags.Name": "Private Subnet",
                            "vpc_id": "vpc-045c9e2b70bd4fd3a"
                        },
                        "meta": {
                            "e2bfb730-ecaa-11e6-8f88-34363bc7c4c0": {
                                "create": 600000000000,
                                "delete": 600000000000
                            },
                            "schema_version": "1"
                        },
                        "tainted": false
                    },
                    "deposed": [],
                    "provider": "provider.aws"
                },
                "aws_subnet.us-east-1a-public": {
                    "type": "aws_subnet",
                    "depends_on": [
                        "aws_vpc.default"
                    ],
                    "primary": {
                        "id": "subnet-06e16dd43ce6b4b91",
                        "attributes": {
                            "arn": "arn:aws:ec2:us-east-1:343426943007:subnet/subnet-06e16dd43ce6b4b91",
                            "assign_ipv6_address_on_creation": "false",
                            "availability_zone": "us-east-1a",
                            "availability_zone_id": "use1-az2",
                            "cidr_block": "10.0.1.0/24",
                            "id": "subnet-06e16dd43ce6b4b91",
                            "ipv6_cidr_block": "",
                            "ipv6_cidr_block_association_id": "",
                            "map_public_ip_on_launch": "false",
                            "owner_id": "343426943007",
                            "tags.%": "1",
                            "tags.Name": "Public Subnet",
                            "vpc_id": "vpc-045c9e2b70bd4fd3a"
                        },
                        "meta": {
                            "e2bfb730-ecaa-11e6-8f88-34363bc7c4c0": {
                                "create": 600000000000,
                                "delete": 600000000000
                            },
                            "schema_version": "1"
                        },
                        "tainted": false
                    },
                    "deposed": [],
                    "provider": "provider.aws"
                },
                "aws_subnet.us-east-1b-private": {
                    "type": "aws_subnet",
                    "depends_on": [
                        "aws_vpc.default"
                    ],
                    "primary": {
                        "id": "subnet-02bb4c611781e8dc5",
                        "attributes": {
                            "arn": "arn:aws:ec2:us-east-1:343426943007:subnet/subnet-02bb4c611781e8dc5",
                            "assign_ipv6_address_on_creation": "false",
                            "availability_zone": "us-east-1b",
                            "availability_zone_id": "use1-az4",
                            "cidr_block": "10.0.4.0/24",
                            "id": "subnet-02bb4c611781e8dc5",
                            "ipv6_cidr_block": "",
                            "ipv6_cidr_block_association_id": "",
                            "map_public_ip_on_launch": "false",
                            "owner_id": "343426943007",
                            "tags.%": "1",
                            "tags.Name": "Private Subnet",
                            "vpc_id": "vpc-045c9e2b70bd4fd3a"
                        },
                        "meta": {
                            "e2bfb730-ecaa-11e6-8f88-34363bc7c4c0": {
                                "create": 600000000000,
                                "delete": 600000000000
                            },
                            "schema_version": "1"
                        },
                        "tainted": false
                    },
                    "deposed": [],
                    "provider": "provider.aws"
                },
                "aws_subnet.us-east-1b-public": {
                    "type": "aws_subnet",
                    "depends_on": [
                        "aws_vpc.default"
                    ],
                    "primary": {
                        "id": "subnet-09d5e327feb07d249",
                        "attributes": {
                            "arn": "arn:aws:ec2:us-east-1:343426943007:subnet/subnet-09d5e327feb07d249",
                            "assign_ipv6_address_on_creation": "false",
                            "availability_zone": "us-east-1b",
                            "availability_zone_id": "use1-az4",
                            "cidr_block": "10.0.2.0/24",
                            "id": "subnet-09d5e327feb07d249",
                            "ipv6_cidr_block": "",
                            "ipv6_cidr_block_association_id": "",
                            "map_public_ip_on_launch": "false",
                            "owner_id": "343426943007",
                            "tags.%": "1",
                            "tags.Name": "Public Subnet",
                            "vpc_id": "vpc-045c9e2b70bd4fd3a"
                        },
                        "meta": {
                            "e2bfb730-ecaa-11e6-8f88-34363bc7c4c0": {
                                "create": 600000000000,
                                "delete": 600000000000
                            },
                            "schema_version": "1"
                        },
                        "tainted": false
                    },
                    "deposed": [],
                    "provider": "provider.aws"
                },
                "aws_vpc.default": {
                    "type": "aws_vpc",
                    "depends_on": [],
                    "primary": {
                        "id": "vpc-045c9e2b70bd4fd3a",
                        "attributes": {
                            "arn": "arn:aws:ec2:us-east-1:343426943007:vpc/vpc-045c9e2b70bd4fd3a",
                            "assign_generated_ipv6_cidr_block": "false",
                            "cidr_block": "10.0.0.0/16",
                            "default_network_acl_id": "acl-04084414e01f870f4",
                            "default_route_table_id": "rtb-054c487e3084d3c5e",
                            "default_security_group_id": "sg-007f87e22b921d62d",
                            "dhcp_options_id": "dopt-471e353c",
                            "enable_classiclink": "false",
                            "enable_classiclink_dns_support": "false",
                            "enable_dns_hostnames": "true",
                            "enable_dns_support": "true",
                            "id": "vpc-045c9e2b70bd4fd3a",
                            "instance_tenancy": "default",
                            "ipv6_association_id": "",
                            "ipv6_cidr_block": "",
                            "main_route_table_id": "rtb-054c487e3084d3c5e",
                            "owner_id": "343426943007",
                            "tags.%": "1",
                            "tags.Name": "terraform-aws-vpc"
                        },
                        "meta": {
                            "schema_version": "1"
                        },
                        "tainted": false
                    },
                    "deposed": [],
                    "provider": "provider.aws"
                },
                "data.aws_caller_identity.current": {
                    "type": "aws_caller_identity",
                    "depends_on": [],
                    "primary": {
                        "id": "2019-03-30 00:30:38.687886 +0000 UTC",
                        "attributes": {
                            "account_id": "343426943007",
                            "arn": "arn:aws:iam::343426943007:user/terraform",
                            "id": "2019-03-30 00:30:38.687886 +0000 UTC",
                            "user_id": "AIDAU75OXJAPRTXWCDYAV"
                        },
                        "meta": {},
                        "tainted": false
                    },
                    "deposed": [],
                    "provider": "provider.aws"
                },
                "data.aws_iam_policy_document.ecr": {
                    "type": "aws_iam_policy_document",
                    "depends_on": [
                        "data.aws_caller_identity.current"
                    ],
                    "primary": {
                        "id": "115831035",
                        "attributes": {
                            "id": "115831035",
                            "json": "{\n  \"Version\": \"2012-10-17\",\n  \"Statement\": [\n    {\n      \"Sid\": \"\",\n      \"Effect\": \"Allow\",\n      \"Action\": [\n        \"ecr:UploadLayerPart\",\n        \"ecr:StartLifecyclePolicyPreview\",\n        \"ecr:SetRepositoryPolicy\",\n        \"ecr:PutLifecyclePolicy\",\n        \"ecr:PutImage\",\n        \"ecr:ListImages\",\n        \"ecr:InitiateLayerUpload\",\n        \"ecr:GetRepositoryPolicy\",\n        \"ecr:GetLifecyclePolicyPreview\",\n        \"ecr:GetLifecyclePolicy\",\n        \"ecr:GetDownloadUrlForLayer\",\n        \"ecr:DescribeRepositories\",\n        \"ecr:DescribeImages\",\n        \"ecr:DeleteRepositoryPolicy\",\n        \"ecr:DeleteRepository\",\n        \"ecr:DeleteLifecyclePolicy\",\n        \"ecr:CompleteLayerUpload\",\n        \"ecr:BatchGetImage\",\n        \"ecr:BatchDeleteImage\",\n        \"ecr:BatchCheckLayerAvailability\"\n      ],\n      \"Principal\": {\n        \"AWS\": \"arn:aws:sts::343426943007:assumed-role/ecs_containers/me@example.com\"\n      }\n    }\n  ]\n}",
                            "statement.#": "1",
                            "statement.0.actions.#": "20",
                            "statement.0.actions.1035341934": "ecr:DescribeRepositories",
                            "statement.0.actions.1089163876": "ecr:DeleteRepositoryPolicy",
                            "statement.0.actions.1296813719": "ecr:PutLifecyclePolicy",
                            "statement.0.actions.164084429": "ecr:StartLifecyclePolicyPreview",
                            "statement.0.actions.1689083278": "ecr:BatchDeleteImage",
                            "statement.0.actions.1813900036": "ecr:BatchCheckLayerAvailability",
                            "statement.0.actions.209119921": "ecr:GetRepositoryPolicy",
                            "statement.0.actions.2172484379": "ecr:DeleteRepository",
                            "statement.0.actions.2578429660": "ecr:UploadLayerPart",
                            "statement.0.actions.2610373158": "ecr:GetDownloadUrlForLayer",
                            "statement.0.actions.2724047565": "ecr:SetRepositoryPolicy",
                            "statement.0.actions.3460082159": "ecr:DeleteLifecyclePolicy",
                            "statement.0.actions.356957045": "ecr:InitiateLayerUpload",
                            "statement.0.actions.3658911630": "ecr:DescribeImages",
                            "statement.0.actions.4053813182": "ecr:GetLifecyclePolicyPreview",
                            "statement.0.actions.4234869000": "ecr:BatchGetImage",
                            "statement.0.actions.4272682636": "ecr:ListImages",
                            "statement.0.actions.490001327": "ecr:CompleteLayerUpload",
                            "statement.0.actions.977834259": "ecr:PutImage",
                            "statement.0.actions.982786766": "ecr:GetLifecyclePolicy",
                            "statement.0.condition.#": "0",
                            "statement.0.effect": "Allow",
                            "statement.0.not_actions.#": "0",
                            "statement.0.not_principals.#": "0",
                            "statement.0.not_resources.#": "0",
                            "statement.0.principals.#": "1",
                            "statement.0.principals.1378266507.identifiers.#": "1",
                            "statement.0.principals.1378266507.identifiers.2798616970": "arn:aws:sts::343426943007:assumed-role/ecs_containers/me@example.com",
                            "statement.0.principals.1378266507.type": "AWS",
                            "statement.0.resources.#": "0",
                            "statement.0.sid": "",
                            "version": "2012-10-17"
                        },
                        "meta": {},
                        "tainted": false
                    },
                    "deposed": [],
                    "provider": "provider.aws"
                }
            },
            "depends_on": []
        },
        {
            "path": [
                "root",
                "tf_remote_state"
            ],
            "outputs": {
                "bucket": {
                    "sensitive": false,
                    "type": "string",
                    "value": "tf-state-site"
                }
            },
            "resources": {
                "aws_s3_bucket.bucket": {
                    "type": "aws_s3_bucket",
                    "depends_on": [],
                    "primary": {
                        "id": "tf-state-site",
                        "attributes": {
                            "acceleration_status": "",
                            "acl": "private",
                            "arn": "arn:aws:s3:::tf-state-site",
                            "bucket": "tf-state-site",
                            "bucket_domain_name": "tf-state-site.s3.amazonaws.com",
                            "bucket_regional_domain_name": "tf-state-site.s3.amazonaws.com",
                            "cors_rule.#": "0",
                            "force_destroy": "true",
                            "hosted_zone_id": "Z3AQBSTGFYJSTF",
                            "id": "tf-state-site",
                            "lifecycle_rule.#": "1",
                            "lifecycle_rule.0.abort_incomplete_multipart_upload_days": "3",
                            "lifecycle_rule.0.enabled": "true",
                            "lifecycle_rule.0.expiration.#": "0",
                            "lifecycle_rule.0.id": "auto-delete-incomplete-after-x-days",
                            "lifecycle_rule.0.noncurrent_version_expiration.#": "0",
                            "lifecycle_rule.0.noncurrent_version_transition.#": "0",
                            "lifecycle_rule.0.prefix": "",
                            "lifecycle_rule.0.tags.%": "0",
                            "lifecycle_rule.0.transition.#": "0",
                            "logging.#": "0",
                            "object_lock_configuration.#": "0",
                            "region": "us-east-1",
                            "replication_configuration.#": "0",
                            "request_payer": "BucketOwner",
                            "server_side_encryption_configuration.#": "1",
                            "server_side_encryption_configuration.0.rule.#": "1",
                            "server_side_encryption_configuration.0.rule.0.apply_server_side_encryption_by_default.#": "1",
                            "server_side_encryption_configuration.0.rule.0.apply_server_side_encryption_by_default.0.kms_master_key_id": "",
                            "server_side_encryption_configuration.0.rule.0.apply_server_side_encryption_by_default.0.sse_algorithm": "AES256",
                            "tags.%": "3",
                            "tags.application": "site",
                            "tags.environment": "prod",
                            "tags.team": "MoleculerGo",
                            "versioning.#": "1",
                            "versioning.0.enabled": "true",
                            "versioning.0.mfa_delete": "false",
                            "website.#": "0"
                        },
                        "meta": {},
                        "tainted": false
                    },
                    "deposed": [],
                    "provider": "provider.aws"
                },
                "aws_s3_bucket_policy.bucket_policy": {
                    "type": "aws_s3_bucket_policy",
                    "depends_on": [
                        "aws_s3_bucket.bucket",
                        "data.aws_iam_role.role"
                    ],
                    "primary": {
                        "id": "tf-state-site",
                        "attributes": {
                            "bucket": "tf-state-site",
                            "id": "tf-state-site",
                            "policy": "{\"Version\":\"2012-10-17\",\"Statement\":[{\"Effect\":\"Allow\",\"Principal\":{\"AWS\":\"arn:aws:iam::343426943007:role/ecs_containers\"},\"Action\":\"s3:*\",\"Resource\":[\"arn:aws:s3:::tf-state-site\",\"arn:aws:s3:::tf-state-site/*\"]}]}"
                        },
                        "meta": {},
                        "tainted": false
                    },
                    "deposed": [],
                    "provider": "provider.aws"
                },
                "data.aws_iam_role.role": {
                    "type": "aws_iam_role",
                    "depends_on": [],
                    "primary": {
                        "id": "ecs_containers",
                        "attributes": {
                            "arn": "arn:aws:iam::343426943007:role/ecs_containers",
                            "assume_role_policy": "{\"Version\":\"2012-10-17\",\"Statement\":[{\"Effect\":\"Allow\",\"Principal\":{\"Service\":\"ec2.amazonaws.com\"},\"Action\":\"sts:AssumeRole\"}]}",
                            "create_date": "2019-03-29T09:51:50Z",
                            "description": "Allows EC2 instances to call AWS services on your behalf.",
                            "id": "ecs_containers",
                            "max_session_duration": "3600",
                            "name": "ecs_containers",
                            "path": "/",
                            "permissions_boundary": "",
                            "unique_id": "AROAU75OXJAP6MQHCSFD3"
                        },
                        "meta": {},
                        "tainted": false
                    },
                    "deposed": [],
                    "provider": "provider.aws"
                }
            },
            "depends_on": []
        }
    ]
}
